
Microsoft Visual Studio Solution File, Format Version 12.00
# Visual Studio 15
VisualStudioVersion = 15.0.27004.2008
MinimumVisualStudioVersion = 10.0.40219.1
Project("{9A19103F-16F7-4668-BE54-9A1E7A4F7556}") = "dotnetnorth-api", "dotnetnorth-api\dotnetnorth-api.csproj", "{4961BFDC-067C-4669-A0FE-43AC1FB976BE}"
EndProject
Global
	GlobalSection(SolutionConfigurationPlatforms) = preSolution
		Debug|Any CPU = Debug|Any CPU
		Release|Any CPU = Release|Any CPU
	EndGlobalSection
	GlobalSection(ProjectConfigurationPlatforms) = postSolution
		{4961BFDC-067C-4669-A0FE-43AC1FB976BE}.Debug|Any CPU.ActiveCfg = Debug|Any CPU
		{4961BFDC-067C-4669-A0FE-43AC1FB976BE}.Debug|Any CPU.Build.0 = Debug|Any CPU
		{4961BFDC-067C-4669-A0FE-43AC1FB976BE}.Release|Any CPU.ActiveCfg = Release|Any CPU
		{4961BFDC-067C-4669-A0FE-43AC1FB976BE}.Release|Any CPU.Build.0 = Release|Any CPU
	EndGlobalSection
	GlobalSection(SolutionProperties) = preSolution
		HideSolutionNode = FALSE
	EndGlobalSection
	GlobalSection(ExtensibilityGlobals) = postSolution
		SolutionGuid = {417C2974-788D-4C35-ABBD-6DCA338BDB3E}
	EndGlobalSection
EndGlobal
